
Microsoft Visual Studio Solution File, Format Version 12.00
# Visual Studio 15
VisualStudioVersion = 15.0.27703.2035
MinimumVisualStudioVersion = 10.0.40219.1
Project("{FAE04EC0-301F-11D3-BF4B-00C04F79EFBC}") = "WebApplication1_API", "WebApplication1_API\WebApplication1_API.csproj", "{00F4FD1A-706B-453B-9F03-EBE1314AA936}"
EndProject
Global
	GlobalSection(SolutionConfigurationPlatforms) = preSolution
		Debug|Any CPU = Debug|Any CPU
		Release|Any CPU = Release|Any CPU
	EndGlobalSection
	GlobalSection(ProjectConfigurationPlatforms) = postSolution
		{00F4FD1A-706B-453B-9F03-EBE1314AA936}.Debug|Any CPU.ActiveCfg = Debug|Any CPU
		{00F4FD1A-706B-453B-9F03-EBE1314AA936}.Debug|Any CPU.Build.0 = Debug|Any CPU
		{00F4FD1A-706B-453B-9F03-EBE1314AA936}.Release|Any CPU.ActiveCfg = Release|Any CPU
		{00F4FD1A-706B-453B-9F03-EBE1314AA936}.Release|Any CPU.Build.0 = Release|Any CPU
	EndGlobalSection
	GlobalSection(SolutionProperties) = preSolution
		HideSolutionNode = FALSE
	EndGlobalSection
	GlobalSection(ExtensibilityGlobals) = postSolution
		SolutionGuid = {BA7FCD97-90CA-4B08-BC90-9DD932330024}
	EndGlobalSection
EndGlobal
