
Microsoft Visual Studio Solution File, Format Version 12.00
# Visual Studio 15
VisualStudioVersion = 15.0.27703.2035
MinimumVisualStudioVersion = 10.0.40219.1
Project("{FAE04EC0-301F-11D3-BF4B-00C04F79EFBC}") = "AJAXcodingChallenge", "AJAXcodingChallenge\AJAXcodingChallenge.csproj", "{289691F5-F2EE-4492-BAE2-3BB061EB483C}"
EndProject
Global
	GlobalSection(SolutionConfigurationPlatforms) = preSolution
		Debug|Any CPU = Debug|Any CPU
		Release|Any CPU = Release|Any CPU
	EndGlobalSection
	GlobalSection(ProjectConfigurationPlatforms) = postSolution
		{289691F5-F2EE-4492-BAE2-3BB061EB483C}.Debug|Any CPU.ActiveCfg = Debug|Any CPU
		{289691F5-F2EE-4492-BAE2-3BB061EB483C}.Debug|Any CPU.Build.0 = Debug|Any CPU
		{289691F5-F2EE-4492-BAE2-3BB061EB483C}.Release|Any CPU.ActiveCfg = Release|Any CPU
		{289691F5-F2EE-4492-BAE2-3BB061EB483C}.Release|Any CPU.Build.0 = Release|Any CPU
	EndGlobalSection
	GlobalSection(SolutionProperties) = preSolution
		HideSolutionNode = FALSE
	EndGlobalSection
	GlobalSection(ExtensibilityGlobals) = postSolution
		SolutionGuid = {16100719-85A6-4897-91B9-FE21FC0F14AA}
	EndGlobalSection
EndGlobal
